
Microsoft Visual Studio Solution File, Format Version 12.00
# Visual Studio 14
VisualStudioVersion = 14.0.23107.0
MinimumVisualStudioVersion = 10.0.40219.1
Project("{2150E333-8FDC-42A3-9474-1A3956D46DE8}") = "1.Web", "1.Web", "{816A7EF3-624A-467D-A713-692085C739DE}"
EndProject
Project("{FAE04EC0-301F-11D3-BF4B-00C04F79EFBC}") = "YDM.WebApi", "YDM.WebApi\YDM.WebApi.csproj", "{F358A91C-CA29-4D28-91EC-841C7F3A42D1}"
EndProject
Project("{FAE04EC0-301F-11D3-BF4B-00C04F79EFBC}") = "YDM.Public", "YDM.Public\YDM.Public.csproj", "{C3494D87-27B3-4F11-AF5D-9762D85A1AB8}"
EndProject
Project("{2150E333-8FDC-42A3-9474-1A3956D46DE8}") = "2.Service", "2.Service", "{C0BABA55-148B-48B0-BE82-EAE05B45F55E}"
EndProject
Project("{FAE04EC0-301F-11D3-BF4B-00C04F79EFBC}") = "ServiceInterface", "ServiceHelper\ServiceInterface.csproj", "{70EDFC91-01E7-46CC-A152-1A87F03EDB8B}"
EndProject
Project("{FAE04EC0-301F-11D3-BF4B-00C04F79EFBC}") = "DTOModel", "DTOModel\DTOModel.csproj", "{633C080D-E819-4585-8AE2-B629447234AB}"
EndProject
Project("{2150E333-8FDC-42A3-9474-1A3956D46DE8}") = "3.Bussiness", "3.Bussiness", "{8BBC13DF-3B64-4D85-BDA0-FBE40AB75AB7}"
EndProject
Project("{FAE04EC0-301F-11D3-BF4B-00C04F79EFBC}") = "YDM.Bussiness", "YDM.Bussiness\YDM.Bussiness.csproj", "{3CCFBB00-C883-454D-814F-411D5807A951}"
EndProject
Project("{FAE04EC0-301F-11D3-BF4B-00C04F79EFBC}") = "YDM.BussinessInterface", "YDM.BussinessInterface\YDM.BussinessInterface.csproj", "{B4C483BB-C5E1-4FE6-AF43-ADF7D35F35FF}"
EndProject
Project("{2150E333-8FDC-42A3-9474-1A3956D46DE8}") = "4.Core", "4.Core", "{0193E760-11B8-44B1-AD07-F37FB63E1912}"
EndProject
Project("{FAE04EC0-301F-11D3-BF4B-00C04F79EFBC}") = "YDM.DomainModel", "DomainModel\YDM.DomainModel.csproj", "{D0E4F052-13F1-4242-A93F-CE99ECEC17DD}"
EndProject
Project("{2150E333-8FDC-42A3-9474-1A3956D46DE8}") = "5.Common", "5.Common", "{114C651C-9780-4CE3-B843-C093658C82A8}"
EndProject
Project("{FAE04EC0-301F-11D3-BF4B-00C04F79EFBC}") = "Common", "Common\Common.csproj", "{5A847D6F-EB60-4033-9334-16F6AD08F048}"
EndProject
Project("{FAE04EC0-301F-11D3-BF4B-00C04F79EFBC}") = "YDM.Core", "YDM.Core\YDM.Core.csproj", "{ADA2D39F-BD46-4FDD-8DAB-79D934A1108A}"
EndProject
Project("{FAE04EC0-301F-11D3-BF4B-00C04F79EFBC}") = "YDM.Data", "YDM.Data\YDM.Data.csproj", "{46A162FC-DC7B-4AEC-81D5-1877545169FB}"
EndProject
Global
	GlobalSection(SolutionConfigurationPlatforms) = preSolution
		Debug|Any CPU = Debug|Any CPU
		Release|Any CPU = Release|Any CPU
	EndGlobalSection
	GlobalSection(ProjectConfigurationPlatforms) = postSolution
		{F358A91C-CA29-4D28-91EC-841C7F3A42D1}.Debug|Any CPU.ActiveCfg = Debug|Any CPU
		{F358A91C-CA29-4D28-91EC-841C7F3A42D1}.Debug|Any CPU.Build.0 = Debug|Any CPU
		{F358A91C-CA29-4D28-91EC-841C7F3A42D1}.Release|Any CPU.ActiveCfg = Release|Any CPU
		{F358A91C-CA29-4D28-91EC-841C7F3A42D1}.Release|Any CPU.Build.0 = Release|Any CPU
		{C3494D87-27B3-4F11-AF5D-9762D85A1AB8}.Debug|Any CPU.ActiveCfg = Debug|Any CPU
		{C3494D87-27B3-4F11-AF5D-9762D85A1AB8}.Debug|Any CPU.Build.0 = Debug|Any CPU
		{C3494D87-27B3-4F11-AF5D-9762D85A1AB8}.Release|Any CPU.ActiveCfg = Release|Any CPU
		{C3494D87-27B3-4F11-AF5D-9762D85A1AB8}.Release|Any CPU.Build.0 = Release|Any CPU
		{70EDFC91-01E7-46CC-A152-1A87F03EDB8B}.Debug|Any CPU.ActiveCfg = Debug|Any CPU
		{70EDFC91-01E7-46CC-A152-1A87F03EDB8B}.Debug|Any CPU.Build.0 = Debug|Any CPU
		{70EDFC91-01E7-46CC-A152-1A87F03EDB8B}.Release|Any CPU.ActiveCfg = Release|Any CPU
		{70EDFC91-01E7-46CC-A152-1A87F03EDB8B}.Release|Any CPU.Build.0 = Release|Any CPU
		{633C080D-E819-4585-8AE2-B629447234AB}.Debug|Any CPU.ActiveCfg = Debug|Any CPU
		{633C080D-E819-4585-8AE2-B629447234AB}.Debug|Any CPU.Build.0 = Debug|Any CPU
		{633C080D-E819-4585-8AE2-B629447234AB}.Release|Any CPU.ActiveCfg = Release|Any CPU
		{633C080D-E819-4585-8AE2-B629447234AB}.Release|Any CPU.Build.0 = Release|Any CPU
		{3CCFBB00-C883-454D-814F-411D5807A951}.Debug|Any CPU.ActiveCfg = Debug|Any CPU
		{3CCFBB00-C883-454D-814F-411D5807A951}.Debug|Any CPU.Build.0 = Debug|Any CPU
		{3CCFBB00-C883-454D-814F-411D5807A951}.Release|Any CPU.ActiveCfg = Release|Any CPU
		{3CCFBB00-C883-454D-814F-411D5807A951}.Release|Any CPU.Build.0 = Release|Any CPU
		{B4C483BB-C5E1-4FE6-AF43-ADF7D35F35FF}.Debug|Any CPU.ActiveCfg = Debug|Any CPU
		{B4C483BB-C5E1-4FE6-AF43-ADF7D35F35FF}.Debug|Any CPU.Build.0 = Debug|Any CPU
		{B4C483BB-C5E1-4FE6-AF43-ADF7D35F35FF}.Release|Any CPU.ActiveCfg = Release|Any CPU
		{B4C483BB-C5E1-4FE6-AF43-ADF7D35F35FF}.Release|Any CPU.Build.0 = Release|Any CPU
		{D0E4F052-13F1-4242-A93F-CE99ECEC17DD}.Debug|Any CPU.ActiveCfg = Debug|Any CPU
		{D0E4F052-13F1-4242-A93F-CE99ECEC17DD}.Debug|Any CPU.Build.0 = Debug|Any CPU
		{D0E4F052-13F1-4242-A93F-CE99ECEC17DD}.Release|Any CPU.ActiveCfg = Release|Any CPU
		{D0E4F052-13F1-4242-A93F-CE99ECEC17DD}.Release|Any CPU.Build.0 = Release|Any CPU
		{5A847D6F-EB60-4033-9334-16F6AD08F048}.Debug|Any CPU.ActiveCfg = Debug|Any CPU
		{5A847D6F-EB60-4033-9334-16F6AD08F048}.Debug|Any CPU.Build.0 = Debug|Any CPU
		{5A847D6F-EB60-4033-9334-16F6AD08F048}.Release|Any CPU.ActiveCfg = Release|Any CPU
		{5A847D6F-EB60-4033-9334-16F6AD08F048}.Release|Any CPU.Build.0 = Release|Any CPU
		{ADA2D39F-BD46-4FDD-8DAB-79D934A1108A}.Debug|Any CPU.ActiveCfg = Debug|Any CPU
		{ADA2D39F-BD46-4FDD-8DAB-79D934A1108A}.Debug|Any CPU.Build.0 = Debug|Any CPU
		{ADA2D39F-BD46-4FDD-8DAB-79D934A1108A}.Release|Any CPU.ActiveCfg = Release|Any CPU
		{ADA2D39F-BD46-4FDD-8DAB-79D934A1108A}.Release|Any CPU.Build.0 = Release|Any CPU
		{46A162FC-DC7B-4AEC-81D5-1877545169FB}.Debug|Any CPU.ActiveCfg = Debug|Any CPU
		{46A162FC-DC7B-4AEC-81D5-1877545169FB}.Debug|Any CPU.Build.0 = Debug|Any CPU
		{46A162FC-DC7B-4AEC-81D5-1877545169FB}.Release|Any CPU.ActiveCfg = Release|Any CPU
		{46A162FC-DC7B-4AEC-81D5-1877545169FB}.Release|Any CPU.Build.0 = Release|Any CPU
	EndGlobalSection
	GlobalSection(SolutionProperties) = preSolution
		HideSolutionNode = FALSE
	EndGlobalSection
	GlobalSection(NestedProjects) = preSolution
		{F358A91C-CA29-4D28-91EC-841C7F3A42D1} = {816A7EF3-624A-467D-A713-692085C739DE}
		{C3494D87-27B3-4F11-AF5D-9762D85A1AB8} = {816A7EF3-624A-467D-A713-692085C739DE}
		{70EDFC91-01E7-46CC-A152-1A87F03EDB8B} = {C0BABA55-148B-48B0-BE82-EAE05B45F55E}
		{633C080D-E819-4585-8AE2-B629447234AB} = {C0BABA55-148B-48B0-BE82-EAE05B45F55E}
		{3CCFBB00-C883-454D-814F-411D5807A951} = {8BBC13DF-3B64-4D85-BDA0-FBE40AB75AB7}
		{B4C483BB-C5E1-4FE6-AF43-ADF7D35F35FF} = {8BBC13DF-3B64-4D85-BDA0-FBE40AB75AB7}
		{D0E4F052-13F1-4242-A93F-CE99ECEC17DD} = {0193E760-11B8-44B1-AD07-F37FB63E1912}
		{5A847D6F-EB60-4033-9334-16F6AD08F048} = {114C651C-9780-4CE3-B843-C093658C82A8}
		{ADA2D39F-BD46-4FDD-8DAB-79D934A1108A} = {0193E760-11B8-44B1-AD07-F37FB63E1912}
		{46A162FC-DC7B-4AEC-81D5-1877545169FB} = {0193E760-11B8-44B1-AD07-F37FB63E1912}
	EndGlobalSection
EndGlobal
